<?xml version="1.0" encoding="utf-8"?>
<Project ToolsVersion="4.0" xmlns="http://schemas.microsoft.com/developer/msbuild/2003">
  <ItemGroup>
    <Filter Include="00.Component">
      <UniqueIdentifier>{19e865b0-3489-4ec4-a8a0-bb38e4684dad}</UniqueIdentifier>
    </Filter>
    <Filter Include="00.Component\00.Manager">
      <UniqueIdentifier>{771b0cfc-6085-4766-81a2-36a743775fb3}</UniqueIdentifier>
    </Filter>
    <Filter Include="00.Component\01.Component">
      <UniqueIdentifier>{209c44f2-20ca-4559-ba7b-e90176ee9259}</UniqueIdentifier>
    </Filter>
    <Filter Include="00.Component\01.Component\00.Resources">
      <UniqueIdentifier>{d03e9b97-b14a-42d9-9a24-206a50afd2ea}</UniqueIdentifier>
    </Filter>
    <Filter Include="00.Component\01.Component\01.Transform">
      <UniqueIdentifier>{4484e7da-e3c7-4b25-9a49-a12213ba222a}</UniqueIdentifier>
    </Filter>
    <Filter Include="00.Component\01.Component\02.Renderer">
      <UniqueIdentifier>{dc0c7eb8-8015-4b48-88d1-c33829364c3f}</UniqueIdentifier>
    </Filter>
    <Filter Include="00.Component\01.Component\00.Resources\00.Buffers">
      <UniqueIdentifier>{f71357e7-a43e-47dd-be85-30ad63612323}</UniqueIdentifier>
    </Filter>
    <Filter Include="00.Component\01.Component\00.Resources\00.Buffers\Triangle_Color">
      <UniqueIdentifier>{70579d13-d860-408b-9f0d-f3190d2e8d9a}</UniqueIdentifier>
    </Filter>
    <Filter Include="00.Component\01.Component\00.Resources\00.Buffers\Rect_Color">
      <UniqueIdentifier>{d7f792e1-b0c8-4df7-b1a4-84e7f2b8a090}</UniqueIdentifier>
    </Filter>
    <Filter Include="00.Component\01.Component\00.Resources\00.Buffers\Rect_Texture">
      <UniqueIdentifier>{a9e5e11e-3d3b-442c-915d-20121c561a94}</UniqueIdentifier>
    </Filter>
    <Filter Include="01.Scene">
      <UniqueIdentifier>{82b60f1c-8090-4ea8-b55f-0cef26b10006}</UniqueIdentifier>
    </Filter>
    <Filter Include="02.GameObject">
      <UniqueIdentifier>{293820aa-67ee-4eac-bf55-85972da56c8c}</UniqueIdentifier>
    </Filter>
    <Filter Include="01.Scene\00.Manager">
      <UniqueIdentifier>{bae3a7bd-7615-4086-a046-b65a202ec2f7}</UniqueIdentifier>
    </Filter>
    <Filter Include="01.Scene\01.Scene">
      <UniqueIdentifier>{dcd8abdd-2901-47b4-8ec8-d97339f13c8a}</UniqueIdentifier>
    </Filter>
    <Filter Include="02.GameObject\00.Manager">
      <UniqueIdentifier>{f0913e25-fdf4-4d57-bc77-a434f3227682}</UniqueIdentifier>
    </Filter>
    <Filter Include="02.GameObject\01.Layer">
      <UniqueIdentifier>{3aef5033-02b6-436d-aeca-d096895e9082}</UniqueIdentifier>
    </Filter>
    <Filter Include="02.GameObject\01.Layer\00.GameObject">
      <UniqueIdentifier>{85f1578a-3a89-4d87-b1a5-22445eddd7f3}</UniqueIdentifier>
    </Filter>
    <Filter Include="00.Component\01.Component\00.Resources\01.Texture">
      <UniqueIdentifier>{32a95455-973e-4e7d-9b90-5efc14c41030}</UniqueIdentifier>
    </Filter>
    <Filter Include="02.GameObject\01.Layer\00.GameObject\Camera">
      <UniqueIdentifier>{c3862796-2025-40cd-bcf8-c457339167b4}</UniqueIdentifier>
    </Filter>
    <Filter Include="00.Component\01.Component\00.Resources\00.Buffers\Terrain_Buffer">
      <UniqueIdentifier>{6af71be1-b397-4cef-a0d3-f575cf884e15}</UniqueIdentifier>
    </Filter>
    <Filter Include="00.Component\01.Component\03.Material">
      <UniqueIdentifier>{044a19ef-6a32-4a0f-87a1-3323fbfba5de}</UniqueIdentifier>
    </Filter>
    <Filter Include="00.Component\01.Component\00.Resources\00.Buffers\Cube_Texture">
      <UniqueIdentifier>{063719a4-ca8b-4341-bb91-5d4b1d336b89}</UniqueIdentifier>
    </Filter>
    <Filter Include="00.Component\01.Component\04.Pickikng">
      <UniqueIdentifier>{ebb7965c-9cb3-485b-aac8-688c05c15147}</UniqueIdentifier>
    </Filter>
    <Filter Include="00.Component\01.Component\00.Resources\00.Buffers\RectUI_Texture">
      <UniqueIdentifier>{6d0e5568-0039-476b-9ae4-bd71e0230997}</UniqueIdentifier>
    </Filter>
    <Filter Include="00.Component\01.Component\00.Resources\02.Mesh">
      <UniqueIdentifier>{5d28d443-40ca-4571-a10f-f35eb8040996}</UniqueIdentifier>
    </Filter>
    <Filter Include="00.Component\01.Component\00.Resources\02.Mesh\Static">
      <UniqueIdentifier>{17393450-1883-4f58-9fdf-cb40f63627ad}</UniqueIdentifier>
    </Filter>
    <Filter Include="00.Component\01.Component\00.Resources\02.Mesh\Dynamic">
      <UniqueIdentifier>{fd89e0cf-8608-46b3-b67e-4d0dcbcab2bb}</UniqueIdentifier>
    </Filter>
    <Filter Include="00.Component\01.Component\00.Resources\02.Mesh\Dynamic\Hierachy_Loader">
      <UniqueIdentifier>{32af6be1-a573-4e42-aa79-c2930e82f17d}</UniqueIdentifier>
    </Filter>
    <Filter Include="00.Component\01.Component\00.Resources\02.Mesh\Dynamic\Animation_Ctrl">
      <UniqueIdentifier>{b2c6ff4c-e995-455d-9819-96afa6f98f79}</UniqueIdentifier>
    </Filter>
    <Filter Include="00.Component\01.Component\05.Navigation">
      <UniqueIdentifier>{5b19ade7-d096-49f7-9427-7e678d8f388a}</UniqueIdentifier>
    </Filter>
    <Filter Include="00.Component\01.Component\05.Navigation\Cell">
      <UniqueIdentifier>{0eaa2c66-85e5-435e-a516-2e19092767f9}</UniqueIdentifier>
    </Filter>
    <Filter Include="00.Component\01.Component\06.Shader">
      <UniqueIdentifier>{8672bec3-4ce2-4ea2-8902-50aaa21633bc}</UniqueIdentifier>
    </Filter>
    <Filter Include="00.Component\01.Component\07.Frustum">
      <UniqueIdentifier>{9c68d4cf-6bce-41b2-9ed1-ba35629208c7}</UniqueIdentifier>
    </Filter>
    <Filter Include="00.Component\01.Component\00.Resources\00.Buffers\Terrain_Buffer\QuadTree">
      <UniqueIdentifier>{2f50f437-2eb5-439d-8c26-3aff2b116092}</UniqueIdentifier>
    </Filter>
    <Filter Include="04.Light">
      <UniqueIdentifier>{4a1f3714-fa74-4024-9470-a515a9b1f0b2}</UniqueIdentifier>
    </Filter>
    <Filter Include="04.Light\Manager">
      <UniqueIdentifier>{d4fd4f50-4890-4db6-9ae4-ca9539e04d0d}</UniqueIdentifier>
    </Filter>
    <Filter Include="04.Light\Light">
      <UniqueIdentifier>{0f14db44-6b3a-43cf-85f3-d6aef66c3c1c}</UniqueIdentifier>
    </Filter>
    <Filter Include="05.ShaderFiles">
      <UniqueIdentifier>{56f004e3-03cb-4076-98d9-a98a2b8c345b}</UniqueIdentifier>
    </Filter>
    <Filter Include="00.Component\01.Component\08.Controller">
      <UniqueIdentifier>{83653d22-26ce-4f09-be44-45f116a00fe8}</UniqueIdentifier>
    </Filter>
    <Filter Include="02.GameObject\02.Character">
      <UniqueIdentifier>{e4997e32-be3c-4f58-8880-7675c5bf6967}</UniqueIdentifier>
    </Filter>
    <Filter Include="00.Component\01.Component\00.Resources\01.Texture\00.MultiTexture">
      <UniqueIdentifier>{dd8103d1-fecd-4102-8e84-b84f1cdfcd71}</UniqueIdentifier>
    </Filter>
    <Filter Include="06.AI">
      <UniqueIdentifier>{a73e5657-9c0e-41b0-9a8c-35e4f2aa7c26}</UniqueIdentifier>
    </Filter>
    <Filter Include="06.AI\Task">
      <UniqueIdentifier>{d4645cd6-4dce-4830-b5b6-4eeef9ff2ec4}</UniqueIdentifier>
    </Filter>
    <Filter Include="06.AI\Task\01.ConditionTask">
      <UniqueIdentifier>{d3db59aa-d1ec-4306-bdd8-084d31b310a7}</UniqueIdentifier>
    </Filter>
    <Filter Include="06.AI\Task\02.NumericConditionTask">
      <UniqueIdentifier>{aaa2626c-a6ef-44e0-bec1-e15626093626}</UniqueIdentifier>
    </Filter>
    <Filter Include="06.AI\Composite">
      <UniqueIdentifier>{c40f5910-8b65-4ac5-84a3-4c2ab123006c}</UniqueIdentifier>
    </Filter>
    <Filter Include="06.AI\Composite\00.CompositeTask">
      <UniqueIdentifier>{b796f870-9940-457c-8c7a-2d9f6bb7c9a8}</UniqueIdentifier>
    </Filter>
    <Filter Include="06.AI\Task\00.BaseTask">
      <UniqueIdentifier>{73314f73-d407-46ce-a0ab-f743c24ada20}</UniqueIdentifier>
    </Filter>
    <Filter Include="_KJW">
      <UniqueIdentifier>{ba9c345e-fb63-43fb-80bc-6654e47bde1f}</UniqueIdentifier>
    </Filter>
    <Filter Include="_KJY">
      <UniqueIdentifier>{65a60ac8-addd-46c2-870b-1fa00718ab87}</UniqueIdentifier>
    </Filter>
    <Filter Include="_KMH">
      <UniqueIdentifier>{685bbbf8-2725-4f64-96c2-4f680d18a6cf}</UniqueIdentifier>
    </Filter>
    <Filter Include="_KOH">
      <UniqueIdentifier>{8ec8beab-2404-45d3-98c8-a4396197a4bc}</UniqueIdentifier>
    </Filter>
    <Filter Include="_OSM">
      <UniqueIdentifier>{56d2bed5-3d2d-473e-a1a6-1ec2a064f224}</UniqueIdentifier>
    </Filter>
    <Filter Include="_PSH">
      <UniqueIdentifier>{c742c4d1-5a98-41e5-ae9e-1eae1e8c4198}</UniqueIdentifier>
    </Filter>
    <Filter Include="06.AI\Composite\01.Selector">
      <UniqueIdentifier>{b9625a87-6f37-4ca9-bc03-d4123b5a2fa1}</UniqueIdentifier>
    </Filter>
    <Filter Include="06.AI\Composite\02.Sequence">
      <UniqueIdentifier>{28c9d3d9-8151-49a4-9830-93d0eba27f91}</UniqueIdentifier>
    </Filter>
    <Filter Include="06.AI\Action">
      <UniqueIdentifier>{44918807-77ac-4627-a6c2-d29054bdaaae}</UniqueIdentifier>
    </Filter>
    <Filter Include="06.AI\Action\00.ActionTask">
      <UniqueIdentifier>{4a10fa40-1f75-470a-8f53-5f5d45fc6b1f}</UniqueIdentifier>
    </Filter>
    <Filter Include="06.AI\Action\00.ActionTask\00.ActionAttack">
      <UniqueIdentifier>{4b165af3-d777-4ac1-86cc-fa6d6b0769fa}</UniqueIdentifier>
    </Filter>
    <Filter Include="06.AI\BehaviorTree">
      <UniqueIdentifier>{ddfc272f-cb6b-44bb-894d-bacb606b5182}</UniqueIdentifier>
    </Filter>
    <Filter Include="06.AI\BehaviorTree\00.BehaviorTree">
      <UniqueIdentifier>{e566e2b3-62a2-4464-b13d-d8658d1d4deb}</UniqueIdentifier>
    </Filter>
    <Filter Include="06.AI\BehaviorTree\01.BehaviorTreeBuilder">
      <UniqueIdentifier>{c79891a9-c09d-465e-b348-f2c67c38b08b}</UniqueIdentifier>
    </Filter>
    <Filter Include="07.Manager">
      <UniqueIdentifier>{93369994-11d8-4d4b-81c9-74e9ad32418c}</UniqueIdentifier>
    </Filter>
    <Filter Include="07.Manager\Random">
      <UniqueIdentifier>{7b2ac8cc-c858-44b9-902c-58989f797bf8}</UniqueIdentifier>
    </Filter>
    <Filter Include="07.Manager\StringMgr">
      <UniqueIdentifier>{d24e6553-977d-4c74-a56c-703f7cabe061}</UniqueIdentifier>
    </Filter>
    <Filter Include="06.AI\_Test">
      <UniqueIdentifier>{5059a810-efb0-445f-bd2f-516b3e54ce0f}</UniqueIdentifier>
    </Filter>
    <Filter Include="07.Manager\Mouse">
      <UniqueIdentifier>{584861af-45b0-4d85-8680-b5ff7977300e}</UniqueIdentifier>
    </Filter>
    <Filter Include="02.GameObject\03.Equipment">
      <UniqueIdentifier>{d91befa8-f66b-4f07-bce8-5910453055a5}</UniqueIdentifier>
    </Filter>
    <Filter Include="07.Manager\Debug">
      <UniqueIdentifier>{8f2b2b35-47e6-401b-bf64-aba66dd18339}</UniqueIdentifier>
    </Filter>
    <Filter Include="05.ShaderFiles\0.hpp">
      <UniqueIdentifier>{97e6b600-be1c-40e5-8676-555b7a18b5f3}</UniqueIdentifier>
    </Filter>
    <Filter Include="05.ShaderFiles\1.fx">
      <UniqueIdentifier>{9e57c10e-cd1a-4050-9797-6352f66e704f}</UniqueIdentifier>
    </Filter>
    <Filter Include="03.RenderTarget">
      <UniqueIdentifier>{4b1b3d58-65db-41dc-8d79-d9353e8c2560}</UniqueIdentifier>
    </Filter>
    <Filter Include="03.RenderTarget\Target">
      <UniqueIdentifier>{d11b547d-4030-4745-9cee-129a2c2da2b8}</UniqueIdentifier>
    </Filter>
    <Filter Include="03.RenderTarget\Manager">
      <UniqueIdentifier>{ae076bec-aefa-4321-84d3-52e702e1d339}</UniqueIdentifier>
    </Filter>
    <Filter Include="02.GameObject\04.Trigger">
      <UniqueIdentifier>{3c6576b7-bd0b-4f15-a0f6-39a690197099}</UniqueIdentifier>
    </Filter>
    <Filter Include="06.AI\_GOAP">
      <UniqueIdentifier>{6a073eee-8a8a-47a8-85c9-064081fdd97d}</UniqueIdentifier>
    </Filter>
    <Filter Include="08.Observer">
      <UniqueIdentifier>{ee3f7d34-dbfc-4161-a74b-a4fe93dd87f7}</UniqueIdentifier>
    </Filter>
    <Filter Include="08.Observer\Observer">
      <UniqueIdentifier>{6264f845-4781-4949-ae5f-d349908c8341}</UniqueIdentifier>
    </Filter>
    <Filter Include="08.Observer\Subject">
      <UniqueIdentifier>{c0f9519a-ea02-481a-a05f-54bdd9e04c48}</UniqueIdentifier>
    </Filter>
    <Filter Include="09.Collider">
      <UniqueIdentifier>{cc201cae-7465-4606-ab1b-0d7c1344625a}</UniqueIdentifier>
    </Filter>
    <Filter Include="09.Collider\01. Collider">
      <UniqueIdentifier>{c6204910-c3d2-4997-a048-475037ee3d90}</UniqueIdentifier>
    </Filter>
    <Filter Include="09.Collider\00. Manager">
      <UniqueIdentifier>{b3786f61-c419-49e1-98e7-ad6ee3a4a7fd}</UniqueIdentifier>
    </Filter>
    <Filter Include="10.CloseFilter">
      <UniqueIdentifier>{0af6e456-4a0b-4cb1-b973-ef7bfdec85f4}</UniqueIdentifier>
    </Filter>
    <Filter Include="02.GameObject\05.Effect">
      <UniqueIdentifier>{ca1b4187-44bc-4544-b029-0d5bd67b0d23}</UniqueIdentifier>
    </Filter>
    <Filter Include="07.Manager\Effect">
      <UniqueIdentifier>{e6ebb5c9-d48e-43f1-b701-798d03c6d85e}</UniqueIdentifier>
    </Filter>
    <Filter Include="02.GameObject\06.Decal">
      <UniqueIdentifier>{e4365c8b-e890-410f-aac2-408994fab9b1}</UniqueIdentifier>
    </Filter>
    <Filter Include="02.GameObject\06.Decal\SSDecal">
      <UniqueIdentifier>{c2ffd4b8-36e5-4a5b-a700-b59eab02a84f}</UniqueIdentifier>
    </Filter>
    <Filter Include="02.GameObject\06.Decal\Decal_Manager">
      <UniqueIdentifier>{91f5abfd-8106-498c-a162-9be2efb736ce}</UniqueIdentifier>
    </Filter>
  </ItemGroup>
  <ItemGroup>
    <ClCompile Include="..\Codes\Component_Manager.cpp">
      <Filter>00.Component\00.Manager</Filter>
    </ClCompile>
    <ClCompile Include="..\Codes\Component.cpp">
      <Filter>00.Component\01.Component</Filter>
    </ClCompile>
    <ClCompile Include="..\Codes\Resources.cpp">
      <Filter>00.Component\01.Component\00.Resources</Filter>
    </ClCompile>
    <ClCompile Include="..\Codes\Triangle_Color.cpp">
      <Filter>00.Component\01.Component\00.Resources\00.Buffers\Triangle_Color</Filter>
    </ClCompile>
    <ClCompile Include="..\Codes\VIBuffer.cpp">
      <Filter>00.Component\01.Component\00.Resources\00.Buffers</Filter>
    </ClCompile>
    <ClCompile Include="..\Codes\Scene.cpp">
      <Filter>01.Scene\01.Scene</Filter>
    </ClCompile>
    <ClCompile Include="..\Codes\Management.cpp">
      <Filter>01.Scene\00.Manager</Filter>
    </ClCompile>
    <ClCompile Include="..\Codes\GameObject.cpp">
      <Filter>02.GameObject\01.Layer\00.GameObject</Filter>
    </ClCompile>
    <ClCompile Include="..\Codes\Object_Manager.cpp">
      <Filter>02.GameObject\00.Manager</Filter>
    </ClCompile>
    <ClCompile Include="..\Codes\Layer.cpp">
      <Filter>02.GameObject\01.Layer</Filter>
    </ClCompile>
    <ClCompile Include="..\Codes\Rect_Color.cpp">
      <Filter>00.Component\01.Component\00.Resources\00.Buffers\Rect_Color</Filter>
    </ClCompile>
    <ClCompile Include="..\Codes\Renderer.cpp">
      <Filter>00.Component\01.Component\02.Renderer</Filter>
    </ClCompile>
    <ClCompile Include="..\Codes\Texture.cpp">
      <Filter>00.Component\01.Component\00.Resources\01.Texture</Filter>
    </ClCompile>
    <ClCompile Include="..\Codes\Rect_Texture.cpp">
      <Filter>00.Component\01.Component\00.Resources\00.Buffers\Rect_Texture</Filter>
    </ClCompile>
    <ClCompile Include="..\Codes\Transform.cpp">
      <Filter>00.Component\01.Component\01.Transform</Filter>
    </ClCompile>
    <ClCompile Include="..\Codes\Camera.cpp">
      <Filter>02.GameObject\01.Layer\00.GameObject\Camera</Filter>
    </ClCompile>
    <ClCompile Include="..\Codes\Terrain_Buffer.cpp">
      <Filter>00.Component\01.Component\00.Resources\00.Buffers\Terrain_Buffer</Filter>
    </ClCompile>
    <ClCompile Include="..\Codes\Material.cpp">
      <Filter>00.Component\01.Component\03.Material</Filter>
    </ClCompile>
    <ClCompile Include="..\Codes\Cube_Texture.cpp">
      <Filter>00.Component\01.Component\00.Resources\00.Buffers\Cube_Texture</Filter>
    </ClCompile>
    <ClCompile Include="..\Codes\Picking.cpp">
      <Filter>00.Component\01.Component\04.Pickikng</Filter>
    </ClCompile>
    <ClCompile Include="..\Codes\RectUI_Texture.cpp">
      <Filter>00.Component\01.Component\00.Resources\00.Buffers\RectUI_Texture</Filter>
    </ClCompile>
    <ClCompile Include="..\Codes\Mesh.cpp">
      <Filter>00.Component\01.Component\00.Resources\02.Mesh</Filter>
    </ClCompile>
    <ClCompile Include="..\Codes\Mesh_Static.cpp">
      <Filter>00.Component\01.Component\00.Resources\02.Mesh\Static</Filter>
    </ClCompile>
    <ClCompile Include="..\Codes\Hierarchy_Loader.cpp">
      <Filter>00.Component\01.Component\00.Resources\02.Mesh\Dynamic\Hierachy_Loader</Filter>
    </ClCompile>
    <ClCompile Include="..\Codes\Animation_Ctrl.cpp">
      <Filter>00.Component\01.Component\00.Resources\02.Mesh\Dynamic\Animation_Ctrl</Filter>
    </ClCompile>
    <ClCompile Include="..\Codes\Navigation.cpp">
      <Filter>00.Component\01.Component\05.Navigation</Filter>
    </ClCompile>
    <ClCompile Include="..\Codes\Cell.cpp">
      <Filter>00.Component\01.Component\05.Navigation\Cell</Filter>
    </ClCompile>
    <ClCompile Include="..\Codes\Shader.cpp">
      <Filter>00.Component\01.Component\06.Shader</Filter>
    </ClCompile>
    <ClCompile Include="..\Codes\Frustum.cpp">
      <Filter>00.Component\01.Component\07.Frustum</Filter>
    </ClCompile>
    <ClCompile Include="..\Codes\QuadTree.cpp">
      <Filter>00.Component\01.Component\00.Resources\00.Buffers\Terrain_Buffer\QuadTree</Filter>
    </ClCompile>
    <ClCompile Include="..\Codes\Target.cpp">
      <Filter>03.RenderTarget\Target</Filter>
    </ClCompile>
    <ClCompile Include="..\Codes\Light.cpp">
      <Filter>04.Light\Light</Filter>
    </ClCompile>
    <ClCompile Include="..\Codes\Light_Manager.cpp">
      <Filter>04.Light\Manager</Filter>
    </ClCompile>
    <ClCompile Include="..\Codes\Target_Manager.cpp">
      <Filter>03.RenderTarget\Manager</Filter>
    </ClCompile>
    <ClCompile Include="..\Codes\Controller.cpp">
      <Filter>00.Component\01.Component\08.Controller</Filter>
    </ClCompile>
    <ClCompile Include="..\Codes\Character.cpp">
      <Filter>02.GameObject\02.Character</Filter>
    </ClCompile>
    <ClCompile Include="..\Codes\MultiTexture.cpp">
      <Filter>00.Component\01.Component\00.Resources\01.Texture\00.MultiTexture</Filter>
    </ClCompile>
    <ClCompile Include="..\Codes\Camera_Manager.cpp">
      <Filter>02.GameObject\00.Manager</Filter>
    </ClCompile>
    <ClCompile Include="..\Codes\BaseTask.cpp">
      <Filter>06.AI\Task\00.BaseTask</Filter>
    </ClCompile>
    <ClCompile Include="..\Codes\ConditionTask.cpp">
      <Filter>06.AI\Task\01.ConditionTask</Filter>
    </ClCompile>
    <ClCompile Include="..\Codes\NumericConditionTask.cpp">
      <Filter>06.AI\Task\02.NumericConditionTask</Filter>
    </ClCompile>
    <ClCompile Include="..\Codes\CompositeTask.cpp">
      <Filter>06.AI\Composite\00.CompositeTask</Filter>
    </ClCompile>
    <ClCompile Include="..\Codes\Selector.cpp">
      <Filter>06.AI\Composite\01.Selector</Filter>
    </ClCompile>
    <ClCompile Include="..\Codes\Sequence.cpp">
      <Filter>06.AI\Composite\02.Sequence</Filter>
    </ClCompile>
    <ClCompile Include="..\Codes\ActionAttack.cpp">
      <Filter>06.AI\Action\00.ActionTask\00.ActionAttack</Filter>
    </ClCompile>
    <ClCompile Include="..\Codes\Random.cpp">
      <Filter>07.Manager\Random</Filter>
    </ClCompile>
    <ClCompile Include="..\Codes\Mesh_Dynamic.cpp">
      <Filter>00.Component\01.Component\00.Resources\02.Mesh\Dynamic</Filter>
    </ClCompile>
    <ClCompile Include="..\Codes\String_Manager.cpp">
      <Filter>07.Manager\StringMgr</Filter>
    </ClCompile>
    <ClCompile Include="..\Codes\CameraLayer.cpp">
      <Filter>02.GameObject\01.Layer</Filter>
    </ClCompile>
    <ClCompile Include="..\Codes\Mouse.cpp">
      <Filter>07.Manager\Mouse</Filter>
    </ClCompile>
    <ClCompile Include="..\Codes\Equipment.cpp">
      <Filter>02.GameObject\03.Equipment</Filter>
    </ClCompile>
    <ClCompile Include="..\Codes\Debug_Manager.cpp">
      <Filter>07.Manager\Debug</Filter>
    </ClCompile>
    <ClCompile Include="..\codes\MyEffect.cpp">
      <Filter>_KJY</Filter>
    </ClCompile>
    <ClCompile Include="..\codes\EffectOBJ.cpp">
      <Filter>_KJY</Filter>
    </ClCompile>
    <ClCompile Include="..\Codes\MyEffect_Buff.cpp">
      <Filter>_KJY</Filter>
    </ClCompile>
    <ClCompile Include="..\Codes\MyEffect_Particle.cpp">
      <Filter>_KJY</Filter>
    </ClCompile>
    <ClCompile Include="..\Codes\Trigger.cpp">
      <Filter>02.GameObject\04.Trigger</Filter>
    </ClCompile>
    <ClCompile Include="..\Codes\AI\GOAP_AI_Manager.cpp">
      <Filter>06.AI\_GOAP</Filter>
    </ClCompile>
    <ClCompile Include="..\Codes\AI\GOAP_Node.cpp">
      <Filter>06.AI\_GOAP</Filter>
    </ClCompile>
    <ClCompile Include="..\Codes\AI\GOAP_WorldState.cpp">
      <Filter>06.AI\_GOAP</Filter>
    </ClCompile>
    <ClCompile Include="..\Codes\AI\GOAP_Action.cpp">
      <Filter>06.AI\_GOAP</Filter>
    </ClCompile>
    <ClCompile Include="..\Codes\Observer.cpp">
      <Filter>08.Observer\Observer</Filter>
    </ClCompile>
    <ClCompile Include="..\Codes\Subject_Manager.cpp">
      <Filter>08.Observer\Subject</Filter>
    </ClCompile>
    <ClCompile Include="..\Codes\Collider.cpp">
      <Filter>09.Collider\01. Collider</Filter>
    </ClCompile>
    <ClCompile Include="..\Codes\Collider_Manager.cpp">
      <Filter>09.Collider\00. Manager</Filter>
    </ClCompile>
    <ClCompile Include="..\Codes\GlareDefD3D.cpp">
      <Filter>10.CloseFilter</Filter>
    </ClCompile>
    <ClCompile Include="..\codes\MyFX.cpp">
      <Filter>_KJY</Filter>
    </ClCompile>
    <ClCompile Include="..\Codes\Effect_Manager.cpp">
      <Filter>07.Manager\Effect</Filter>
    </ClCompile>
    <ClCompile Include="..\Codes\SSDecal.cpp">
      <Filter>02.GameObject\06.Decal\SSDecal</Filter>
    </ClCompile>
    <ClCompile Include="..\Codes\Decal_Manager.cpp">
      <Filter>02.GameObject\06.Decal\Decal_Manager</Filter>
    </ClCompile>
  </ItemGroup>
  <ItemGroup>
    <ClInclude Include="..\Headers\Component_Manager.h">
      <Filter>00.Component\00.Manager</Filter>
    </ClInclude>
    <ClInclude Include="..\Headers\Component.h">
      <Filter>00.Component\01.Component</Filter>
    </ClInclude>
    <ClInclude Include="..\Headers\Resources.h">
      <Filter>00.Component\01.Component\00.Resources</Filter>
    </ClInclude>
    <ClInclude Include="..\Headers\Triangle_Color.h">
      <Filter>00.Component\01.Component\00.Resources\00.Buffers\Triangle_Color</Filter>
    </ClInclude>
    <ClInclude Include="..\Headers\VIBuffer.h">
      <Filter>00.Component\01.Component\00.Resources\00.Buffers</Filter>
    </ClInclude>
    <ClInclude Include="..\Headers\Scene.h">
      <Filter>01.Scene\01.Scene</Filter>
    </ClInclude>
    <ClInclude Include="..\Headers\Management.h">
      <Filter>01.Scene\00.Manager</Filter>
    </ClInclude>
    <ClInclude Include="..\Headers\GameObject.h">
      <Filter>02.GameObject\01.Layer\00.GameObject</Filter>
    </ClInclude>
    <ClInclude Include="..\Headers\Object_Manager.h">
      <Filter>02.GameObject\00.Manager</Filter>
    </ClInclude>
    <ClInclude Include="..\Headers\Layer.h">
      <Filter>02.GameObject\01.Layer</Filter>
    </ClInclude>
    <ClInclude Include="..\Headers\Rect_Color.h">
      <Filter>00.Component\01.Component\00.Resources\00.Buffers\Rect_Color</Filter>
    </ClInclude>
    <ClInclude Include="..\Headers\Renderer.h">
      <Filter>00.Component\01.Component\02.Renderer</Filter>
    </ClInclude>
    <ClInclude Include="..\Headers\Texture.h">
      <Filter>00.Component\01.Component\00.Resources\01.Texture</Filter>
    </ClInclude>
    <ClInclude Include="..\Headers\Rect_Texture.h">
      <Filter>00.Component\01.Component\00.Resources\00.Buffers\Rect_Texture</Filter>
    </ClInclude>
    <ClInclude Include="..\Headers\Transform.h">
      <Filter>00.Component\01.Component\01.Transform</Filter>
    </ClInclude>
    <ClInclude Include="..\Headers\Camera.h">
      <Filter>02.GameObject\01.Layer\00.GameObject\Camera</Filter>
    </ClInclude>
    <ClInclude Include="..\Headers\Terrain_Buffer.h">
      <Filter>00.Component\01.Component\00.Resources\00.Buffers\Terrain_Buffer</Filter>
    </ClInclude>
    <ClInclude Include="..\Headers\Material.h">
      <Filter>00.Component\01.Component\03.Material</Filter>
    </ClInclude>
    <ClInclude Include="..\Headers\Cube_Texture.h">
      <Filter>00.Component\01.Component\00.Resources\00.Buffers\Cube_Texture</Filter>
    </ClInclude>
    <ClInclude Include="..\Headers\Picking.h">
      <Filter>00.Component\01.Component\04.Pickikng</Filter>
    </ClInclude>
    <ClInclude Include="..\Headers\RectUI_Texture.h">
      <Filter>00.Component\01.Component\00.Resources\00.Buffers\RectUI_Texture</Filter>
    </ClInclude>
    <ClInclude Include="..\Headers\Mesh.h">
      <Filter>00.Component\01.Component\00.Resources\02.Mesh</Filter>
    </ClInclude>
    <ClInclude Include="..\Headers\Mesh_Static.h">
      <Filter>00.Component\01.Component\00.Resources\02.Mesh\Static</Filter>
    </ClInclude>
    <ClInclude Include="..\Headers\Mesh_Dynamic.h">
      <Filter>00.Component\01.Component\00.Resources\02.Mesh\Dynamic</Filter>
    </ClInclude>
    <ClInclude Include="..\Headers\Hierarchy_Loader.h">
      <Filter>00.Component\01.Component\00.Resources\02.Mesh\Dynamic\Hierachy_Loader</Filter>
    </ClInclude>
    <ClInclude Include="..\Headers\Animation_Ctrl.h">
      <Filter>00.Component\01.Component\00.Resources\02.Mesh\Dynamic\Animation_Ctrl</Filter>
    </ClInclude>
    <ClInclude Include="..\Headers\Navigation.h">
      <Filter>00.Component\01.Component\05.Navigation</Filter>
    </ClInclude>
    <ClInclude Include="..\Headers\Cell.h">
      <Filter>00.Component\01.Component\05.Navigation\Cell</Filter>
    </ClInclude>
    <ClInclude Include="..\Headers\Shader.h">
      <Filter>00.Component\01.Component\06.Shader</Filter>
    </ClInclude>
    <ClInclude Include="..\Headers\Frustum.h">
      <Filter>00.Component\01.Component\07.Frustum</Filter>
    </ClInclude>
    <ClInclude Include="..\Headers\QuadTree.h">
      <Filter>00.Component\01.Component\00.Resources\00.Buffers\Terrain_Buffer\QuadTree</Filter>
    </ClInclude>
    <ClInclude Include="..\Headers\Target.h">
      <Filter>03.RenderTarget\Target</Filter>
    </ClInclude>
    <ClInclude Include="..\Headers\Light.h">
      <Filter>04.Light\Light</Filter>
    </ClInclude>
    <ClInclude Include="..\Headers\Light_Manager.h">
      <Filter>04.Light\Manager</Filter>
    </ClInclude>
    <ClInclude Include="..\Headers\Target_Manager.h">
      <Filter>03.RenderTarget\Manager</Filter>
    </ClInclude>
    <ClInclude Include="..\Headers\Controller.h">
      <Filter>00.Component\01.Component\08.Controller</Filter>
    </ClInclude>
    <ClInclude Include="..\Headers\Character.h">
      <Filter>02.GameObject\02.Character</Filter>
    </ClInclude>
    <ClInclude Include="..\Headers\MultiTexture.h">
      <Filter>00.Component\01.Component\00.Resources\01.Texture\00.MultiTexture</Filter>
    </ClInclude>
    <ClInclude Include="..\Headers\Camera_Manager.h">
      <Filter>02.GameObject\00.Manager</Filter>
    </ClInclude>
    <ClInclude Include="..\Headers\BaseTask.h">
      <Filter>06.AI\Task\00.BaseTask</Filter>
    </ClInclude>
    <ClInclude Include="..\Headers\ConditionTask.h">
      <Filter>06.AI\Task\01.ConditionTask</Filter>
    </ClInclude>
    <ClInclude Include="..\Headers\NumericConditionTask.h">
      <Filter>06.AI\Task\02.NumericConditionTask</Filter>
    </ClInclude>
    <ClInclude Include="..\Headers\CompositeTask.h">
      <Filter>06.AI\Composite\00.CompositeTask</Filter>
    </ClInclude>
    <ClInclude Include="..\Headers\Selector.h">
      <Filter>06.AI\Composite\01.Selector</Filter>
    </ClInclude>
    <ClInclude Include="..\Headers\Sequence.h">
      <Filter>06.AI\Composite\02.Sequence</Filter>
    </ClInclude>
    <ClInclude Include="..\Headers\ActionAttack.h">
      <Filter>06.AI\Action\00.ActionTask\00.ActionAttack</Filter>
    </ClInclude>
    <ClInclude Include="..\Headers\Random.h">
      <Filter>07.Manager\Random</Filter>
    </ClInclude>
    <ClInclude Include="..\Headers\String_Manager.h">
      <Filter>07.Manager\StringMgr</Filter>
    </ClInclude>
    <ClInclude Include="..\Headers\CameraLayer.h">
      <Filter>02.GameObject\01.Layer</Filter>
    </ClInclude>
    <ClInclude Include="..\Headers\Mouse.h">
      <Filter>07.Manager\Mouse</Filter>
    </ClInclude>
    <ClInclude Include="..\Headers\Equipment.h">
      <Filter>02.GameObject\03.Equipment</Filter>
    </ClInclude>
    <ClInclude Include="..\Headers\Debug_Manager.h">
      <Filter>07.Manager\Debug</Filter>
    </ClInclude>
    <ClInclude Include="..\headers\MyEffect.h">
      <Filter>_KJY</Filter>
    </ClInclude>
    <ClInclude Include="..\headers\EffectOBJ.h">
      <Filter>_KJY</Filter>
    </ClInclude>
    <ClInclude Include="..\Headers\MyEffect_Buff.h">
      <Filter>_KJY</Filter>
    </ClInclude>
    <ClInclude Include="..\Bin\ShaderFiles\Default.hpp">
      <Filter>05.ShaderFiles\0.hpp</Filter>
    </ClInclude>
    <ClInclude Include="..\Bin\ShaderFiles\Deferred.hpp">
      <Filter>05.ShaderFiles\0.hpp</Filter>
    </ClInclude>
    <ClInclude Include="..\Bin\ShaderFiles\Filter.hpp">
      <Filter>05.ShaderFiles\0.hpp</Filter>
    </ClInclude>
    <ClInclude Include="..\Bin\ShaderFiles\HDR.hpp">
      <Filter>05.ShaderFiles\0.hpp</Filter>
    </ClInclude>
    <ClInclude Include="..\Bin\ShaderFiles\Light.hpp">
      <Filter>05.ShaderFiles\0.hpp</Filter>
    </ClInclude>
    <ClInclude Include="..\Bin\ShaderFiles\PostProcess.hpp">
      <Filter>05.ShaderFiles\0.hpp</Filter>
    </ClInclude>
    <ClInclude Include="..\Bin\ShaderFiles\Shadow.hpp">
      <Filter>05.ShaderFiles\0.hpp</Filter>
    </ClInclude>
    <ClInclude Include="..\Headers\src\Failer.h">
      <Filter>06.AI\_Test</Filter>
    </ClInclude>
    <ClInclude Include="..\Headers\src\Inverter.h">
      <Filter>06.AI\_Test</Filter>
    </ClInclude>
    <ClInclude Include="..\Headers\src\Leaf.h">
      <Filter>06.AI\_Test</Filter>
    </ClInclude>
    <ClInclude Include="..\Headers\src\LeafBuilder.h">
      <Filter>06.AI\_Test</Filter>
    </ClInclude>
    <ClInclude Include="..\Headers\src\MemSelector.h">
      <Filter>06.AI\_Test</Filter>
    </ClInclude>
    <ClInclude Include="..\Headers\src\MemSequence.h">
      <Filter>06.AI\_Test</Filter>
    </ClInclude>
    <ClInclude Include="..\Headers\src\Node.h">
      <Filter>06.AI\_Test</Filter>
    </ClInclude>
    <ClInclude Include="..\Headers\src\ParallelSequence.h">
      <Filter>06.AI\_Test</Filter>
    </ClInclude>
    <ClInclude Include="..\Headers\src\Repeater.h">
      <Filter>06.AI\_Test</Filter>
    </ClInclude>
    <ClInclude Include="..\Headers\src\Selector.h">
      <Filter>06.AI\_Test</Filter>
    </ClInclude>
    <ClInclude Include="..\Headers\src\Sequence.h">
      <Filter>06.AI\_Test</Filter>
    </ClInclude>
    <ClInclude Include="..\Headers\src\Succeeder.h">
      <Filter>06.AI\_Test</Filter>
    </ClInclude>
    <ClInclude Include="..\Headers\src\UntilFail.h">
      <Filter>06.AI\_Test</Filter>
    </ClInclude>
    <ClInclude Include="..\Headers\src\UntilSuccess.h">
      <Filter>06.AI\_Test</Filter>
    </ClInclude>
    <ClInclude Include="..\Headers\src\BehaviorTree.h">
      <Filter>06.AI\_Test</Filter>
    </ClInclude>
    <ClInclude Include="..\Headers\src\Blackboard.h">
      <Filter>06.AI\_Test</Filter>
    </ClInclude>
    <ClInclude Include="..\Headers\src\BrainTree.h">
      <Filter>06.AI\_Test</Filter>
    </ClInclude>
    <ClInclude Include="..\Headers\src\Composite.h">
      <Filter>06.AI\_Test</Filter>
    </ClInclude>
    <ClInclude Include="..\Headers\src\Decorator.h">
      <Filter>06.AI\_Test</Filter>
    </ClInclude>
    <ClInclude Include="..\Headers\src\ActionWait.h">
      <Filter>06.AI\_Test</Filter>
    </ClInclude>
    <ClInclude Include="..\Headers\src\AI.h">
      <Filter>06.AI\_Test</Filter>
    </ClInclude>
    <ClInclude Include="..\Headers\MyEffect_Particle.h">
      <Filter>_KJY</Filter>
    </ClInclude>
    <ClInclude Include="..\Bin\ShaderFiles\Debug.hpp">
      <Filter>05.ShaderFiles\0.hpp</Filter>
    </ClInclude>
    <ClInclude Include="..\Headers\Trigger.h">
      <Filter>02.GameObject\04.Trigger</Filter>
    </ClInclude>
    <ClInclude Include="..\Headers\AI\GOAP_AI_Manager.h">
      <Filter>06.AI\_GOAP</Filter>
    </ClInclude>
    <ClInclude Include="..\Headers\AI\GOAP_Node.h">
      <Filter>06.AI\_GOAP</Filter>
    </ClInclude>
    <ClInclude Include="..\Headers\AI\GOAP_WorldState.h">
      <Filter>06.AI\_GOAP</Filter>
    </ClInclude>
    <ClInclude Include="..\Headers\AI\GOAP_Action.h">
      <Filter>06.AI\_GOAP</Filter>
    </ClInclude>
    <ClInclude Include="..\Headers\Observer.h">
      <Filter>08.Observer\Observer</Filter>
    </ClInclude>
    <ClInclude Include="..\Headers\Subject_Manager.h">
      <Filter>08.Observer\Subject</Filter>
    </ClInclude>
    <ClInclude Include="..\Headers\Collider.h">
      <Filter>09.Collider\01. Collider</Filter>
    </ClInclude>
    <ClInclude Include="..\Headers\Collider_Manager.h">
      <Filter>09.Collider\00. Manager</Filter>
    </ClInclude>
    <ClInclude Include="..\Headers\GlareDefD3D.h">
      <Filter>10.CloseFilter</Filter>
    </ClInclude>
    <ClInclude Include="..\headers\MyFX.h">
      <Filter>_KJY</Filter>
    </ClInclude>
    <ClInclude Include="..\Headers\Effect_Manager.h">
      <Filter>07.Manager\Effect</Filter>
    </ClInclude>
    <ClInclude Include="..\Headers\SSDecal.h">
      <Filter>02.GameObject\06.Decal\SSDecal</Filter>
    </ClInclude>
    <ClInclude Include="..\Headers\Decal_Manager.h">
      <Filter>02.GameObject\06.Decal\Decal_Manager</Filter>
    </ClInclude>
  </ItemGroup>
  <ItemGroup>
    <FxCompile Include="..\Bin\ShaderFiles\Shader_Deferred.fx">
      <Filter>05.ShaderFiles\1.fx</Filter>
    </FxCompile>
    <FxCompile Include="..\Bin\ShaderFiles\Shader_Distort.fx">
      <Filter>05.ShaderFiles\1.fx</Filter>
    </FxCompile>
    <FxCompile Include="..\Bin\ShaderFiles\Shader_Filter.fx">
      <Filter>05.ShaderFiles\1.fx</Filter>
    </FxCompile>
    <FxCompile Include="..\Bin\ShaderFiles\Shader_HDR.fx">
      <Filter>05.ShaderFiles\1.fx</Filter>
    </FxCompile>
    <FxCompile Include="..\Bin\ShaderFiles\Shader_Light.fx">
      <Filter>05.ShaderFiles\1.fx</Filter>
    </FxCompile>
    <FxCompile Include="..\Bin\ShaderFiles\Shader_PostProcess.fx">
      <Filter>05.ShaderFiles\1.fx</Filter>
    </FxCompile>
    <FxCompile Include="..\Bin\ShaderFiles\Shader_Shadow.fx">
      <Filter>05.ShaderFiles\1.fx</Filter>
    </FxCompile>
    <FxCompile Include="..\Bin\ShaderFiles\Shader_Debug.fx">
      <Filter>05.ShaderFiles\1.fx</Filter>
    </FxCompile>
    <FxCompile Include="..\Bin\ShaderFiles\Shader_SSDecal.fx">
      <Filter>05.ShaderFiles\1.fx</Filter>
    </FxCompile>
  </ItemGroup>
</Project>